{
  "name": "torrent-2-magnet",
  "version": "1.0.0",
  "lockfileVersion": 1,
  "requires": true,
  "dependencies": {
    "bencode": {
      "version": "2.0.1",
      "resolved": "https://registry.npmjs.org/bencode/-/bencode-2.0.1.tgz",
      "integrity": "sha512-2uhEl8FdjSBUyb69qDTgOEeeqDTa+n3yMQzLW0cOzNf1Ow5bwcg3idf+qsWisIKRH8Bk8oC7UXL8irRcPA8ZEQ==",
      "requires": {
        "safe-buffer": "^5.1.1"
      }
    },
    "bep53-range": {
      "version": "1.1.0",
      "resolved": "https://registry.npmjs.org/bep53-range/-/bep53-range-1.1.0.tgz",
      "integrity": "sha512-yGQTG4NtwTciX0Bkgk1FqQL4p+NiCQKpTSFho2lrxvUkXIlzyJDwraj8aYxAxRZMnnOhRr7QlIBoMRPEnIR34Q=="
    },
    "blob-to-buffer": {
      "version": "1.2.9",
      "resolved": "https://registry.npmjs.org/blob-to-buffer/-/blob-to-buffer-1.2.9.tgz",
      "integrity": "sha512-BF033y5fN6OCofD3vgHmNtwZWRcq9NLyyxyILx9hfMy1sXYy4ojFl765hJ2lP0YaN2fuxPaLO2Vzzoxy0FLFFA=="
    },
    "decompress-response": {
      "version": "6.0.0",
      "resolved": "https://registry.npmjs.org/decompress-response/-/decompress-response-6.0.0.tgz",
      "integrity": "sha512-aW35yZM6Bb/4oJlZncMH2LCoZtJXTRxES17vE3hoRiowU2kWHaJKFkSBDnDR+cm9J+9QhXmREyIfv0pji9ejCQ==",
      "requires": {
        "mimic-response": "^3.1.0"
      }
    },
    "get-stdin": {
      "version": "8.0.0",
      "resolved": "https://registry.npmjs.org/get-stdin/-/get-stdin-8.0.0.tgz",
      "integrity": "sha512-sY22aA6xchAzprjyqmSEQv4UbAAzRN0L2dQB0NlN5acTTK9Don6nhoc3eAbUnpZiCANAMfd/+40kVdKfFygohg=="
    },
    "magnet-uri": {
      "version": "6.1.0",
      "resolved": "https://registry.npmjs.org/magnet-uri/-/magnet-uri-6.1.0.tgz",
      "integrity": "sha512-731qLviHaqN/Ni96wm6gNKuvoip+QHWTznjHNz/4qDlsHh3/CWJoL8fZ18IIRhGJgnWoKJp8RVE5lZvQ60Khhw==",
      "requires": {
        "bep53-range": "^1.0.0",
        "thirty-two": "^1.0.2"
      }
    },
    "mimic-response": {
      "version": "3.1.0",
      "resolved": "https://registry.npmjs.org/mimic-response/-/mimic-response-3.1.0.tgz",
      "integrity": "sha512-z0yWI+4FDrrweS8Zmt4Ej5HdJmky15+L2e6Wgn3+iK5fWzb6T3fhNFq2+MeTRb064c6Wr4N/wv0DzQTjNzHNGQ=="
    },
    "once": {
      "version": "1.4.0",
      "resolved": "https://registry.npm.taobao.org/once/download/once-1.4.0.tgz",
      "integrity": "sha1-WDsap3WWHUsROsF9nFC6753Xa9E=",
      "requires": {
        "wrappy": "1"
      }
    },
    "parse-torrent": {
      "version": "9.1.0",
      "resolved": "https://registry.npmjs.org/parse-torrent/-/parse-torrent-9.1.0.tgz",
      "integrity": "sha512-TVht2kv44bTHEd55KgmfEHyDh5djIBZMhaD6uFWnxLhJWUXy8lrIOsjPSs4Tfzs9PTGIgGM0k+UG6CFphHgOZQ==",
      "requires": {
        "bencode": "^2.0.1",
        "blob-to-buffer": "^1.2.9",
        "get-stdin": "^8.0.0",
        "magnet-uri": "^6.0.0",
        "simple-get": "^4.0.0",
        "simple-sha1": "^3.0.1"
      }
    },
    "queue-microtask": {
      "version": "1.2.2",
      "resolved": "https://registry.npmjs.org/queue-microtask/-/queue-microtask-1.2.2.tgz",
      "integrity": "sha512-dB15eXv3p2jDlbOiNLyMabYg1/sXvppd8DP2J3EOCQ0AkuSXCW2tP7mnVouVLJKgUMY6yP0kcQDVpLCN13h4Xg=="
    },
    "rusha": {
      "version": "0.8.13",
      "resolved": "https://registry.npm.taobao.org/rusha/download/rusha-0.8.13.tgz",
      "integrity": "sha1-mghOe4YLF7/zAVuSxnpqM2GRUTo="
    },
    "safe-buffer": {
      "version": "5.2.1",
      "resolved": "https://registry.npmjs.org/safe-buffer/-/safe-buffer-5.2.1.tgz",
      "integrity": "sha512-rp3So07KcdmmKbGvgaNxQSJr7bGVSVk5S9Eq1F+ppbRo70+YeaDxkw5Dd8NPN+GD6bjnYm2VuPuCXmpuYvmCXQ=="
    },
    "simple-concat": {
      "version": "1.0.1",
      "resolved": "https://registry.npmjs.org/simple-concat/-/simple-concat-1.0.1.tgz",
      "integrity": "sha512-cSFtAPtRhljv69IK0hTVZQ+OfE9nePi/rtJmw5UjHeVyVroEqJXP1sFztKUy1qU+xvz3u/sfYJLa947b7nAN2Q=="
    },
    "simple-get": {
      "version": "4.0.0",
      "resolved": "https://registry.npmjs.org/simple-get/-/simple-get-4.0.0.tgz",
      "integrity": "sha512-ZalZGexYr3TA0SwySsr5HlgOOinS4Jsa8YB2GJ6lUNAazyAu4KG/VmzMTwAt2YVXzzVj8QmefmAonZIK2BSGcQ==",
      "requires": {
        "decompress-response": "^6.0.0",
        "once": "^1.3.1",
        "simple-concat": "^1.0.0"
      }
    },
    "simple-sha1": {
      "version": "3.0.1",
      "resolved": "https://registry.npmjs.org/simple-sha1/-/simple-sha1-3.0.1.tgz",
      "integrity": "sha512-q7ehqWfHc1VhOm7sW099YDZ4I0yYX7rqyhqqhHV1IYeUTjPOhHyD3mXvv8k2P+rO7+7c8R4/D+8ffzC9BE7Cqg==",
      "requires": {
        "queue-microtask": "^1.1.2",
        "rusha": "^0.8.1"
      }
    },
    "thirty-two": {
      "version": "1.0.2",
      "resolved": "https://registry.npm.taobao.org/thirty-two/download/thirty-two-1.0.2.tgz",
      "integrity": "sha1-TKL//AKlEpDSdEueP1V2k8prYno="
    },
    "wrappy": {
      "version": "1.0.2",
      "resolved": "https://registry.npm.taobao.org/wrappy/download/wrappy-1.0.2.tgz",
      "integrity": "sha1-tSQ9jz7BqjXxNkYFvA0QNuMKtp8="
    }
  }
}
